# This file is automatically @generated by Wally.
# It is not intended for manual editing.
registry = "test"

[[package]]
name = "call23re/goodsignal"
version = "0.1.1"
dependencies = []

[[package]]
name = "call23re/network"
version = "2.1.0"
dependencies = [["Promise", "evaera/promise@4.0.0"], ["Signal", "call23re/goodsignal@0.1.1"]]

[[package]]
name = "evaera/promise"
version = "4.0.0"
dependencies = []
